// !$*UTF8*$!
{
	archiveVersion = 1;
	classes = {
	};
	objectVersion = 55;
	objects = {

/* Begin PBXBuildFile section */
		84684EE02826A54800ADE6AD /* AppDelegate.swift in Sources */ = {isa = PBXBuildFile; fileRef = 84684EDF2826A54800ADE6AD /* AppDelegate.swift */; };
		84684EE22826A54800ADE6AD /* SceneDelegate.swift in Sources */ = {isa = PBXBuildFile; fileRef = 84684EE12826A54800ADE6AD /* SceneDelegate.swift */; };
		84684EE42826A54800ADE6AD /* ViewController.swift in Sources */ = {isa = PBXBuildFile; fileRef = 84684EE32826A54800ADE6AD /* ViewController.swift */; };
		84684EE72826A54800ADE6AD /* Main.storyboard in Resources */ = {isa = PBXBuildFile; fileRef = 84684EE52826A54800ADE6AD /* Main.storyboard */; };
		84684EE92826A54F00ADE6AD /* Assets.xcassets in Resources */ = {isa = PBXBuildFile; fileRef = 84684EE82826A54F00ADE6AD /* Assets.xcassets */; };
		84684EEC2826A54F00ADE6AD /* LaunchScreen.storyboard in Resources */ = {isa = PBXBuildFile; fileRef = 84684EEA2826A54F00ADE6AD /* LaunchScreen.storyboard */; };
		AC4F628028311EB700EB6B62 /* ViewControllerRegistration.swift in Sources */ = {isa = PBXBuildFile; fileRef = AC4F627F28311EB700EB6B62 /* ViewControllerRegistration.swift */; };
		ACAE162A283190C100293729 /* ViewControllerNextView.swift in Sources */ = {isa = PBXBuildFile; fileRef = ACAE1629283190C100293729 /* ViewControllerNextView.swift */; };
		ACAE162F2833E45E00293729 /* TableViewController.swift in Sources */ = {isa = PBXBuildFile; fileRef = ACAE162E2833E45E00293729 /* TableViewController.swift */; };
/* End PBXBuildFile section */

/* Begin PBXFileReference section */
		84684EDC2826A54800ADE6AD /* GeekBrains_Cource_Two.app */ = {isa = PBXFileReference; explicitFileType = wrapper.application; includeInIndex = 0; path = GeekBrains_Cource_Two.app; sourceTree = BUILT_PRODUCTS_DIR; };
		84684EDF2826A54800ADE6AD /* AppDelegate.swift */ = {isa = PBXFileReference; lastKnownFileType = sourcecode.swift; path = AppDelegate.swift; sourceTree = "<group>"; };
		84684EE12826A54800ADE6AD /* SceneDelegate.swift */ = {isa = PBXFileReference; lastKnownFileType = sourcecode.swift; path = SceneDelegate.swift; sourceTree = "<group>"; };
		84684EE32826A54800ADE6AD /* ViewController.swift */ = {isa = PBXFileReference; lastKnownFileType = sourcecode.swift; path = ViewController.swift; sourceTree = "<group>"; };
		84684EE62826A54800ADE6AD /* Base */ = {isa = PBXFileReference; lastKnownFileType = file.storyboard; name = Base; path = Base.lproj/Main.storyboard; sourceTree = "<group>"; };
		84684EE82826A54F00ADE6AD /* Assets.xcassets */ = {isa = PBXFileReference; lastKnownFileType = folder.assetcatalog; path = Assets.xcassets; sourceTree = "<group>"; };
		84684EEB2826A54F00ADE6AD /* Base */ = {isa = PBXFileReference; lastKnownFileType = file.storyboard; name = Base; path = Base.lproj/LaunchScreen.storyboard; sourceTree = "<group>"; };
		84684EED2826A54F00ADE6AD /* Info.plist */ = {isa = PBXFileReference; lastKnownFileType = text.plist.xml; path = Info.plist; sourceTree = "<group>"; };
		AC4F627F28311EB700EB6B62 /* ViewControllerRegistration.swift */ = {isa = PBXFileReference; lastKnownFileType = sourcecode.swift; path = ViewControllerRegistration.swift; sourceTree = "<group>"; };
		ACAE1629283190C100293729 /* ViewControllerNextView.swift */ = {isa = PBXFileReference; lastKnownFileType = sourcecode.swift; path = ViewControllerNextView.swift; sourceTree = "<group>"; };
		ACAE162E2833E45E00293729 /* TableViewController.swift */ = {isa = PBXFileReference; lastKnownFileType = sourcecode.swift; path = TableViewController.swift; sourceTree = "<group>"; };
/* End PBXFileReference section */

/* Begin PBXFrameworksBuildPhase section */
		84684ED92826A54800ADE6AD /* Frameworks */ = {
			isa = PBXFrameworksBuildPhase;
			buildActionMask = 2147483647;
			files = (
			);
			runOnlyForDeploymentPostprocessing = 0;
		};
/* End PBXFrameworksBuildPhase section */

/* Begin PBXGroup section */
		84684ED32826A54800ADE6AD = {
			isa = PBXGroup;
			children = (
				84684EDE2826A54800ADE6AD /* GeekBrains_Cource_Two */,
				84684EDD2826A54800ADE6AD /* Products */,
			);
			sourceTree = "<group>";
		};
		84684EDD2826A54800ADE6AD /* Products */ = {
			isa = PBXGroup;
			children = (
				84684EDC2826A54800ADE6AD /* GeekBrains_Cource_Two.app */,
			);
			name = Products;
			sourceTree = "<group>";
		};
		84684EDE2826A54800ADE6AD /* GeekBrains_Cource_Two */ = {
			isa = PBXGroup;
			children = (
				84684EDF2826A54800ADE6AD /* AppDelegate.swift */,
				84684EE12826A54800ADE6AD /* SceneDelegate.swift */,
				84684EE32826A54800ADE6AD /* ViewController.swift */,
				AC4F627F28311EB700EB6B62 /* ViewControllerRegistration.swift */,
				84684EE52826A54800ADE6AD /* Main.storyboard */,
				ACAE162E2833E45E00293729 /* TableViewController.swift */,
				ACAE1629283190C100293729 /* ViewControllerNextView.swift */,
				84684EE82826A54F00ADE6AD /* Assets.xcassets */,
				84684EEA2826A54F00ADE6AD /* LaunchScreen.storyboard */,
				84684EED2826A54F00ADE6AD /* Info.plist */,
			);
			path = GeekBrains_Cource_Two;
			sourceTree = "<group>";
		};
/* End PBXGroup section */

/* Begin PBXNativeTarget section */
		84684EDB2826A54800ADE6AD /* GeekBrains_Cource_Two */ = {
			isa = PBXNativeTarget;
			buildConfigurationList = 84684EF02826A54F00ADE6AD /* Build configuration list for PBXNativeTarget "GeekBrains_Cource_Two" */;
			buildPhases = (
				84684ED82826A54800ADE6AD /* Sources */,
				84684ED92826A54800ADE6AD /* Frameworks */,
				84684EDA2826A54800ADE6AD /* Resources */,
			);
			buildRules = (
			);
			dependencies = (
			);
			name = GeekBrains_Cource_Two;
			productName = GeekBrains_Cource_Two;
			productReference = 84684EDC2826A54800ADE6AD /* GeekBrains_Cource_Two.app */;
			productType = "com.apple.product-type.application";
		};
/* End PBXNativeTarget section */

/* Begin PBXProject section */
		84684ED42826A54800ADE6AD /* Project object */ = {
			isa = PBXProject;
			attributes = {
				BuildIndependentTargetsInParallel = 1;
				LastSwiftUpdateCheck = 1320;
				LastUpgradeCheck = 1320;
				TargetAttributes = {
					84684EDB2826A54800ADE6AD = {
						CreatedOnToolsVersion = 13.2.1;
					};
				};
			};
			buildConfigurationList = 84684ED72826A54800ADE6AD /* Build configuration list for PBXProject "GeekBrains_Cource_Two" */;
			compatibilityVersion = "Xcode 13.0";
			developmentRegion = en;
			hasScannedForEncodings = 0;
			knownRegions = (
				en,
				Base,
			);
			mainGroup = 84684ED32826A54800ADE6AD;
			productRefGroup = 84684EDD2826A54800ADE6AD /* Products */;
			projectDirPath = "";
			projectRoot = "";
			targets = (
				84684EDB2826A54800ADE6AD /* GeekBrains_Cource_Two */,
			);
		};
/* End PBXProject section */

/* Begin PBXResourcesBuildPhase section */
		84684EDA2826A54800ADE6AD /* Resources */ = {
			isa = PBXResourcesBuildPhase;
			buildActionMask = 2147483647;
			files = (
				84684EEC2826A54F00ADE6AD /* LaunchScreen.storyboard in Resources */,
				84684EE92826A54F00ADE6AD /* Assets.xcassets in Resources */,
				84684EE72826A54800ADE6AD /* Main.storyboard in Resources */,
			);
			runOnlyForDeploymentPostprocessing = 0;
		};
/* End PBXResourcesBuildPhase section */

/* Begin PBXSourcesBuildPhase section */
		84684ED82826A54800ADE6AD /* Sources */ = {
			isa = PBXSourcesBuildPhase;
			buildActionMask = 2147483647;
			files = (
				84684EE42826A54800ADE6AD /* ViewController.swift in Sources */,
				ACAE162F2833E45E00293729 /* TableViewController.swift in Sources */,
				84684EE02826A54800ADE6AD /* AppDelegate.swift in Sources */,
				ACAE162A283190C100293729 /* ViewControllerNextView.swift in Sources */,
				AC4F628028311EB700EB6B62 /* ViewControllerRegistration.swift in Sources */,
				84684EE22826A54800ADE6AD /* SceneDelegate.swift in Sources */,
			);
			runOnlyForDeploymentPostprocessing = 0;
		};
/* End PBXSourcesBuildPhase section */

/* Begin PBXVariantGroup section */
		84684EE52826A54800ADE6AD /* Main.storyboard */ = {
			isa = PBXVariantGroup;
			children = (
				84684EE62826A54800ADE6AD /* Base */,
			);
			name = Main.storyboard;
			sourceTree = "<group>";
		};
		84684EEA2826A54F00ADE6AD /* LaunchScreen.storyboard */ = {
			isa = PBXVariantGroup;
			children = (
				84684EEB2826A54F00ADE6AD /* Base */,
			);
			name = LaunchScreen.storyboard;
			sourceTree = "<group>";
		};
/* End PBXVariantGroup section */

/* Begin XCBuildConfiguration section */
		84684EEE2826A54F00ADE6AD /* Debug */ = {
			isa = XCBuildConfiguration;
			buildSettings = {
				ALWAYS_SEARCH_USER_PATHS = NO;
				CLANG_ANALYZER_NONNULL = YES;
				CLANG_ANALYZER_NUMBER_OBJECT_CONVERSION = YES_AGGRESSIVE;
				CLANG_CXX_LANGUAGE_STANDARD = "gnu++17";
				CLANG_CXX_LIBRARY = "libc++";
				CLANG_ENABLE_MODULES = YES;
				CLANG_ENABLE_OBJC_ARC = YES;
				CLANG_ENABLE_OBJC_WEAK = YES;
				CLANG_WARN_BLOCK_CAPTURE_AUTORELEASING = YES;
				CLANG_WARN_BOOL_CONVERSION = YES;
				CLANG_WARN_COMMA = YES;
				CLANG_WARN_CONSTANT_CONVERSION = YES;
				CLANG_WARN_DEPRECATED_OBJC_IMPLEMENTATIONS = YES;
				CLANG_WARN_DIRECT_OBJC_ISA_USAGE = YES_ERROR;
				CLANG_WARN_DOCUMENTATION_COMMENTS = YES;
				CLANG_WARN_EMPTY_BODY = YES;
				CLANG_WARN_ENUM_CONVERSION = YES;
				CLANG_WARN_INFINITE_RECURSION = YES;
				CLANG_WARN_INT_CONVERSION = YES;
				CLANG_WARN_NON_LITERAL_NULL_CONVERSION = YES;
				CLANG_WARN_OBJC_IMPLICIT_RETAIN_SELF = YES;
				CLANG_WARN_OBJC_LITERAL_CONVERSION = YES;
				CLANG_WARN_OBJC_ROOT_CLASS = YES_ERROR;
				CLANG_WARN_QUOTED_INCLUDE_IN_FRAMEWORK_HEADER = YES;
				CLANG_WARN_RANGE_LOOP_ANALYSIS = YES;
				CLANG_WARN_STRICT_PROTOTYPES = YES;
				CLANG_WARN_SUSPICIOUS_MOVE = YES;
				CLANG_WARN_UNGUARDED_AVAILABILITY = YES_AGGRESSIVE;
				CLANG_WARN_UNREACHABLE_CODE = YES;
				CLANG_WARN__DUPLICATE_METHOD_MATCH = YES;
				COPY_PHASE_STRIP = NO;
				DEBUG_INFORMATION_FORMAT = dwarf;
				ENABLE_STRICT_OBJC_MSGSEND = YES;
				ENABLE_TESTABILITY = YES;
				GCC_C_LANGUAGE_STANDARD = gnu11;
				GCC_DYNAMIC_NO_PIC = NO;
				GCC_NO_COMMON_BLOCKS = YES;
				GCC_OPTIMIZATION_LEVEL = 0;
				GCC_PREPROCESSOR_DEFINITIONS = (
					"DEBUG=1",
					"$(inherited)",
				);
				GCC_WARN_64_TO_32_BIT_CONVERSION = YES;
				GCC_WARN_ABOUT_RETURN_TYPE = YES_ERROR;
				GCC_WARN_UNDECLARED_SELECTOR = YES;
				GCC_WARN_UNINITIALIZED_AUTOS = YES_AGGRESSIVE;
				GCC_WARN_UNUSED_FUNCTION = YES;
				GCC_WARN_UNUSED_VARIABLE = YES;
				IPHONEOS_DEPLOYMENT_TARGET = 15.2;
				MTL_ENABLE_DEBUG_INFO = INCLUDE_SOURCE;
				MTL_FAST_MATH = YES;
				ONLY_ACTIVE_ARCH = YES;
				SDKROOT = iphoneos;
				SWIFT_ACTIVE_COMPILATION_CONDITIONS = DEBUG;
				SWIFT_OPTIMIZATION_LEVEL = "-Onone";
			};
			name = Debug;
		};
		84684EEF2826A54F00ADE6AD /* Release */ = {
			isa = XCBuildConfiguration;
			buildSettings = {
				ALWAYS_SEARCH_USER_PATHS = NO;
				CLANG_ANALYZER_NONNULL = YES;
				CLANG_ANALYZER_NUMBER_OBJECT_CONVERSION = YES_AGGRESSIVE;
				CLANG_CXX_LANGUAGE_STANDARD = "gnu++17";
				CLANG_CXX_LIBRARY = "libc++";
				CLANG_ENABLE_MODULES = YES;
				CLANG_ENABLE_OBJC_ARC = YES;
				CLANG_ENABLE_OBJC_WEAK = YES;
				CLANG_WARN_BLOCK_CAPTURE_AUTORELEASING = YES;
				CLANG_WARN_BOOL_CONVERSION = YES;
				CLANG_WARN_COMMA = YES;
				CLANG_WARN_CONSTANT_CONVERSION = YES;
				CLANG_WARN_DEPRECATED_OBJC_IMPLEMENTATIONS = YES;
				CLANG_WARN_DIRECT_OBJC_ISA_USAGE = YES_ERROR;
				CLANG_WARN_DOCUMENTATION_COMMENTS = YES;
				CLANG_WARN_EMPTY_BODY = YES;
				CLANG_WARN_ENUM_CONVERSION = YES;
				CLANG_WARN_INFINITE_RECURSION = YES;
				CLANG_WARN_INT_CONVERSION = YES;
				CLANG_WARN_NON_LITERAL_NULL_CONVERSION = YES;
				CLANG_WARN_OBJC_IMPLICIT_RETAIN_SELF = YES;
				CLANG_WARN_OBJC_LITERAL_CONVERSION = YES;
				CLANG_WARN_OBJC_ROOT_CLASS = YES_ERROR;
				CLANG_WARN_QUOTED_INCLUDE_IN_FRAMEWORK_HEADER = YES;
				CLANG_WARN_RANGE_LOOP_ANALYSIS = YES;
				CLANG_WARN_STRICT_PROTOTYPES = YES;
				CLANG_WARN_SUSPICIOUS_MOVE = YES;
				CLANG_WARN_UNGUARDED_AVAILABILITY = YES_AGGRESSIVE;
				CLANG_WARN_UNREACHABLE_CODE = YES;
				CLANG_WARN__DUPLICATE_METHOD_MATCH = YES;
				COPY_PHASE_STRIP = NO;
				DEBUG_INFORMATION_FORMAT = "dwarf-with-dsym";
				ENABLE_NS_ASSERTIONS = NO;
				ENABLE_STRICT_OBJC_MSGSEND = YES;
				GCC_C_LANGUAGE_STANDARD = gnu11;
				GCC_NO_COMMON_BLOCKS = YES;
				GCC_WARN_64_TO_32_BIT_CONVERSION = YES;
				GCC_WARN_ABOUT_RETURN_TYPE = YES_ERROR;
				GCC_WARN_UNDECLARED_SELECTOR = YES;
				GCC_WARN_UNINITIALIZED_AUTOS = YES_AGGRESSIVE;
				GCC_WARN_UNUSED_FUNCTION = YES;
				GCC_WARN_UNUSED_VARIABLE = YES;
				IPHONEOS_DEPLOYMENT_TARGET = 15.2;
				MTL_ENABLE_DEBUG_INFO = NO;
				MTL_FAST_MATH = YES;
				SDKROOT = iphoneos;
				SWIFT_COMPILATION_MODE = wholemodule;
				SWIFT_OPTIMIZATION_LEVEL = "-O";
				VALIDATE_PRODUCT = YES;
			};
			name = Release;
		};
		84684EF12826A54F00ADE6AD /* Debug */ = {
			isa = XCBuildConfiguration;
			buildSettings = {
				ASSETCATALOG_COMPILER_APPICON_NAME = AppIcon;
				ASSETCATALOG_COMPILER_GLOBAL_ACCENT_COLOR_NAME = AccentColor;
				CODE_SIGN_STYLE = Automatic;
				CURRENT_PROJECT_VERSION = 1;
				DEVELOPMENT_TEAM = 443TPCF6DW;
				GENERATE_INFOPLIST_FILE = YES;
				INFOPLIST_FILE = GeekBrains_Cource_Two/Info.plist;
				INFOPLIST_KEY_CFBundleDisplayName = VK;
				INFOPLIST_KEY_UIApplicationSupportsIndirectInputEvents = YES;
				INFOPLIST_KEY_UILaunchStoryboardName = LaunchScreen;
				INFOPLIST_KEY_UIMainStoryboardFile = Main;
				INFOPLIST_KEY_UISupportedInterfaceOrientations_iPad = "UIInterfaceOrientationPortrait UIInterfaceOrientationPortraitUpsideDown UIInterfaceOrientationLandscapeLeft UIInterfaceOrientationLandscapeRight";
				INFOPLIST_KEY_UISupportedInterfaceOrientations_iPhone = "UIInterfaceOrientationPortrait UIInterfaceOrientationLandscapeLeft UIInterfaceOrientationLandscapeRight";
				LD_RUNPATH_SEARCH_PATHS = (
					"$(inherited)",
					"@executable_path/Frameworks",
				);
				MARKETING_VERSION = 1.0;
				PRODUCT_BUNDLE_IDENTIFIER = "Samborsky.GeekBrains-Cource-Two";
				PRODUCT_NAME = "$(TARGET_NAME)";
				SWIFT_EMIT_LOC_STRINGS = YES;
				SWIFT_VERSION = 5.0;
				TARGETED_DEVICE_FAMILY = "1,2";
			};
			name = Debug;
		};
		84684EF22826A54F00ADE6AD /* Release */ = {
			isa = XCBuildConfiguration;
			buildSettings = {
				ASSETCATALOG_COMPILER_APPICON_NAME = AppIcon;
				ASSETCATALOG_COMPILER_GLOBAL_ACCENT_COLOR_NAME = AccentColor;
				CODE_SIGN_STYLE = Automatic;
				CURRENT_PROJECT_VERSION = 1;
				DEVELOPMENT_TEAM = 443TPCF6DW;
				GENERATE_INFOPLIST_FILE = YES;
				INFOPLIST_FILE = GeekBrains_Cource_Two/Info.plist;
				INFOPLIST_KEY_CFBundleDisplayName = VK;
				INFOPLIST_KEY_UIApplicationSupportsIndirectInputEvents = YES;
				INFOPLIST_KEY_UILaunchStoryboardName = LaunchScreen;
				INFOPLIST_KEY_UIMainStoryboardFile = Main;
				INFOPLIST_KEY_UISupportedInterfaceOrientations_iPad = "UIInterfaceOrientationPortrait UIInterfaceOrientationPortraitUpsideDown UIInterfaceOrientationLandscapeLeft UIInterfaceOrientationLandscapeRight";
				INFOPLIST_KEY_UISupportedInterfaceOrientations_iPhone = "UIInterfaceOrientationPortrait UIInterfaceOrientationLandscapeLeft UIInterfaceOrientationLandscapeRight";
				LD_RUNPATH_SEARCH_PATHS = (
					"$(inherited)",
					"@executable_path/Frameworks",
				);
				MARKETING_VERSION = 1.0;
				PRODUCT_BUNDLE_IDENTIFIER = "Samborsky.GeekBrains-Cource-Two";
				PRODUCT_NAME = "$(TARGET_NAME)";
				SWIFT_EMIT_LOC_STRINGS = YES;
				SWIFT_VERSION = 5.0;
				TARGETED_DEVICE_FAMILY = "1,2";
			};
			name = Release;
		};
/* End XCBuildConfiguration section */

/* Begin XCConfigurationList section */
		84684ED72826A54800ADE6AD /* Build configuration list for PBXProject "GeekBrains_Cource_Two" */ = {
			isa = XCConfigurationList;
			buildConfigurations = (
				84684EEE2826A54F00ADE6AD /* Debug */,
				84684EEF2826A54F00ADE6AD /* Release */,
			);
			defaultConfigurationIsVisible = 0;
			defaultConfigurationName = Release;
		};
		84684EF02826A54F00ADE6AD /* Build configuration list for PBXNativeTarget "GeekBrains_Cource_Two" */ = {
			isa = XCConfigurationList;
			buildConfigurations = (
				84684EF12826A54F00ADE6AD /* Debug */,
				84684EF22826A54F00ADE6AD /* Release */,
			);
			defaultConfigurationIsVisible = 0;
			defaultConfigurationName = Release;
		};
/* End XCConfigurationList section */
	};
	rootObject = 84684ED42826A54800ADE6AD /* Project object */;
}
