// !$*UTF8*$!
{
	archiveVersion = 1;
	classes = {
	};
	objectVersion = 55;
	objects = {

/* Begin PBXBuildFile section */
		84684EE02826A54800ADE6AD /* AppDelegate.swift in Sources */ = {isa = PBXBuildFile; fileRef = 84684EDF2826A54800ADE6AD /* AppDelegate.swift */; };
		84684EE22826A54800ADE6AD /* SceneDelegate.swift in Sources */ = {isa = PBXBuildFile; fileRef = 84684EE12826A54800ADE6AD /* SceneDelegate.swift */; };
		84684EE42826A54800ADE6AD /* LoginViewController.swift in Sources */ = {isa = PBXBuildFile; fileRef = 84684EE32826A54800ADE6AD /* LoginViewController.swift */; };
		84684EE72826A54800ADE6AD /* Main.storyboard in Resources */ = {isa = PBXBuildFile; fileRef = 84684EE52826A54800ADE6AD /* Main.storyboard */; };
		84684EE92826A54F00ADE6AD /* Assets.xcassets in Resources */ = {isa = PBXBuildFile; fileRef = 84684EE82826A54F00ADE6AD /* Assets.xcassets */; };
		84684EEC2826A54F00ADE6AD /* LaunchScreen.storyboard in Resources */ = {isa = PBXBuildFile; fileRef = 84684EEA2826A54F00ADE6AD /* LaunchScreen.storyboard */; };
		AC15829B284691A700D662B0 /* GalleryCollectionCell.swift in Sources */ = {isa = PBXBuildFile; fileRef = AC158299284691A700D662B0 /* GalleryCollectionCell.swift */; };
		AC15829C284691A700D662B0 /* GalleryCollectionCell.xib in Resources */ = {isa = PBXBuildFile; fileRef = AC15829A284691A700D662B0 /* GalleryCollectionCell.xib */; };
		AC15829E284692DE00D662B0 /* GalleryViewController.swift in Sources */ = {isa = PBXBuildFile; fileRef = AC15829D284692DE00D662B0 /* GalleryViewController.swift */; };
		AC1582A02847B49200D662B0 /* MyGroupsViewController.swift in Sources */ = {isa = PBXBuildFile; fileRef = AC15829F2847B49200D662B0 /* MyGroupsViewController.swift */; };
		AC18DA71286E2217006EDD75 /* FriendsViewControllerDataSource.swift in Sources */ = {isa = PBXBuildFile; fileRef = AC18DA70286E2217006EDD75 /* FriendsViewControllerDataSource.swift */; };
		AC18DA73286E24AC006EDD75 /* FriendsViewController+FillData.swift in Sources */ = {isa = PBXBuildFile; fileRef = AC18DA72286E24AC006EDD75 /* FriendsViewController+FillData.swift */; };
		AC18DA77286E2943006EDD75 /* GalleryViewController+Delegate.swift in Sources */ = {isa = PBXBuildFile; fileRef = AC18DA76286E2943006EDD75 /* GalleryViewController+Delegate.swift */; };
		AC18DA79286E2950006EDD75 /* GalleryViewController+DataSource.swift in Sources */ = {isa = PBXBuildFile; fileRef = AC18DA78286E2950006EDD75 /* GalleryViewController+DataSource.swift */; };
		AC18DA7B286E2F08006EDD75 /* FriendsViewController+Delegate.swift in Sources */ = {isa = PBXBuildFile; fileRef = AC18DA7A286E2F08006EDD75 /* FriendsViewController+Delegate.swift */; };
		AC18DA7E286E2F89006EDD75 /* GroupsViewController+Delegate.swift in Sources */ = {isa = PBXBuildFile; fileRef = AC18DA7D286E2F88006EDD75 /* GroupsViewController+Delegate.swift */; };
		AC18DA80286E2F97006EDD75 /* GroupsViewController+DataSource.swift in Sources */ = {isa = PBXBuildFile; fileRef = AC18DA7F286E2F97006EDD75 /* GroupsViewController+DataSource.swift */; };
		AC18DA83286E3057006EDD75 /* GroupsViewController+FillData.swift in Sources */ = {isa = PBXBuildFile; fileRef = AC18DA82286E3057006EDD75 /* GroupsViewController+FillData.swift */; };
		AC32D7B328777AA4001AF840 /* griby-taet led.mp3 in Resources */ = {isa = PBXBuildFile; fileRef = AC32D7B228777AA4001AF840 /* griby-taet led.mp3 */; };
		AC4F628028311EB700EB6B62 /* RegistrationViewController.swift in Sources */ = {isa = PBXBuildFile; fileRef = AC4F627F28311EB700EB6B62 /* RegistrationViewController.swift */; };
		AC801982283589A100135395 /* Friends.swift in Sources */ = {isa = PBXBuildFile; fileRef = AC801981283589A100135395 /* Friends.swift */; };
		AC801984283589B400135395 /* Groups.swift in Sources */ = {isa = PBXBuildFile; fileRef = AC801983283589B400135395 /* Groups.swift */; };
		AC80198828358C1200135395 /* CustomTableViewCell.swift in Sources */ = {isa = PBXBuildFile; fileRef = AC80198628358C1200135395 /* CustomTableViewCell.swift */; };
		AC80198928358C1200135395 /* CustomTableViewCell.xib in Resources */ = {isa = PBXBuildFile; fileRef = AC80198728358C1200135395 /* CustomTableViewCell.xib */; };
		AC80198C2835922400135395 /* FriendsViewController.swift in Sources */ = {isa = PBXBuildFile; fileRef = AC80198B2835922400135395 /* FriendsViewController.swift */; };
		AC80198E283592C800135395 /* GroupsViewController.swift in Sources */ = {isa = PBXBuildFile; fileRef = AC80198D283592C800135395 /* GroupsViewController.swift */; };
		AC95C83D286B6BF2008AB8FE /* UIViewForShadow.swift in Sources */ = {isa = PBXBuildFile; fileRef = AC95C83C286B6BF1008AB8FE /* UIViewForShadow.swift */; };
		AC9768D7286CC63F009DF5BA /* FullSizePhotoViewController.swift in Sources */ = {isa = PBXBuildFile; fileRef = AC9768D6286CC63E009DF5BA /* FullSizePhotoViewController.swift */; };
		ACA4CD562870F33000A1590E /* NewsViewController.swift in Sources */ = {isa = PBXBuildFile; fileRef = ACA4CD552870F33000A1590E /* NewsViewController.swift */; };
		ACA4CD592870F4BC00A1590E /* NewsTableViewCell.swift in Sources */ = {isa = PBXBuildFile; fileRef = ACA4CD572870F4BC00A1590E /* NewsTableViewCell.swift */; };
		ACA4CD5A2870F4BC00A1590E /* NewsTableViewCell.xib in Resources */ = {isa = PBXBuildFile; fileRef = ACA4CD582870F4BC00A1590E /* NewsTableViewCell.xib */; };
		ACA4CD5C2871AD9600A1590E /* News.swift in Sources */ = {isa = PBXBuildFile; fileRef = ACA4CD5B2871AD9500A1590E /* News.swift */; };
		ACA4CD5E2871CC8E00A1590E /* NewsViewController+FillData.swift in Sources */ = {isa = PBXBuildFile; fileRef = ACA4CD5D2871CC8D00A1590E /* NewsViewController+FillData.swift */; };
		ACAE162D2832F9EA00293729 /* Extensions.swift in Sources */ = {isa = PBXBuildFile; fileRef = ACAE162C2832F9E900293729 /* Extensions.swift */; };
		ACC5E577286B7D73001754F3 /* LikeControll.swift in Sources */ = {isa = PBXBuildFile; fileRef = ACC5E576286B7D73001754F3 /* LikeControll.swift */; };
/* End PBXBuildFile section */

/* Begin PBXFileReference section */
		84684EDC2826A54800ADE6AD /* GeekBrains_Cource_Two.app */ = {isa = PBXFileReference; explicitFileType = wrapper.application; includeInIndex = 0; path = GeekBrains_Cource_Two.app; sourceTree = BUILT_PRODUCTS_DIR; };
		84684EDF2826A54800ADE6AD /* AppDelegate.swift */ = {isa = PBXFileReference; lastKnownFileType = sourcecode.swift; path = AppDelegate.swift; sourceTree = "<group>"; };
		84684EE12826A54800ADE6AD /* SceneDelegate.swift */ = {isa = PBXFileReference; lastKnownFileType = sourcecode.swift; path = SceneDelegate.swift; sourceTree = "<group>"; };
		84684EE32826A54800ADE6AD /* LoginViewController.swift */ = {isa = PBXFileReference; lastKnownFileType = sourcecode.swift; path = LoginViewController.swift; sourceTree = "<group>"; };
		84684EE62826A54800ADE6AD /* Base */ = {isa = PBXFileReference; lastKnownFileType = file.storyboard; name = Base; path = Base.lproj/Main.storyboard; sourceTree = "<group>"; };
		84684EE82826A54F00ADE6AD /* Assets.xcassets */ = {isa = PBXFileReference; lastKnownFileType = folder.assetcatalog; path = Assets.xcassets; sourceTree = "<group>"; };
		84684EEB2826A54F00ADE6AD /* Base */ = {isa = PBXFileReference; lastKnownFileType = file.storyboard; name = Base; path = Base.lproj/LaunchScreen.storyboard; sourceTree = "<group>"; };
		84684EED2826A54F00ADE6AD /* Info.plist */ = {isa = PBXFileReference; lastKnownFileType = text.plist.xml; path = Info.plist; sourceTree = "<group>"; };
		AC158299284691A700D662B0 /* GalleryCollectionCell.swift */ = {isa = PBXFileReference; lastKnownFileType = sourcecode.swift; path = GalleryCollectionCell.swift; sourceTree = "<group>"; };
		AC15829A284691A700D662B0 /* GalleryCollectionCell.xib */ = {isa = PBXFileReference; lastKnownFileType = file.xib; path = GalleryCollectionCell.xib; sourceTree = "<group>"; };
		AC15829D284692DE00D662B0 /* GalleryViewController.swift */ = {isa = PBXFileReference; lastKnownFileType = sourcecode.swift; path = GalleryViewController.swift; sourceTree = "<group>"; };
		AC15829F2847B49200D662B0 /* MyGroupsViewController.swift */ = {isa = PBXFileReference; lastKnownFileType = sourcecode.swift; path = MyGroupsViewController.swift; sourceTree = "<group>"; };
		AC18DA70286E2217006EDD75 /* FriendsViewControllerDataSource.swift */ = {isa = PBXFileReference; lastKnownFileType = sourcecode.swift; path = FriendsViewControllerDataSource.swift; sourceTree = "<group>"; };
		AC18DA72286E24AC006EDD75 /* FriendsViewController+FillData.swift */ = {isa = PBXFileReference; lastKnownFileType = sourcecode.swift; path = "FriendsViewController+FillData.swift"; sourceTree = "<group>"; };
		AC18DA76286E2943006EDD75 /* GalleryViewController+Delegate.swift */ = {isa = PBXFileReference; lastKnownFileType = sourcecode.swift; path = "GalleryViewController+Delegate.swift"; sourceTree = "<group>"; };
		AC18DA78286E2950006EDD75 /* GalleryViewController+DataSource.swift */ = {isa = PBXFileReference; lastKnownFileType = sourcecode.swift; path = "GalleryViewController+DataSource.swift"; sourceTree = "<group>"; };
		AC18DA7A286E2F08006EDD75 /* FriendsViewController+Delegate.swift */ = {isa = PBXFileReference; lastKnownFileType = sourcecode.swift; path = "FriendsViewController+Delegate.swift"; sourceTree = "<group>"; };
		AC18DA7D286E2F88006EDD75 /* GroupsViewController+Delegate.swift */ = {isa = PBXFileReference; lastKnownFileType = sourcecode.swift; path = "GroupsViewController+Delegate.swift"; sourceTree = "<group>"; };
		AC18DA7F286E2F97006EDD75 /* GroupsViewController+DataSource.swift */ = {isa = PBXFileReference; lastKnownFileType = sourcecode.swift; path = "GroupsViewController+DataSource.swift"; sourceTree = "<group>"; };
		AC18DA82286E3057006EDD75 /* GroupsViewController+FillData.swift */ = {isa = PBXFileReference; lastKnownFileType = sourcecode.swift; path = "GroupsViewController+FillData.swift"; sourceTree = "<group>"; };
		AC32D7B228777AA4001AF840 /* griby-taet led.mp3 */ = {isa = PBXFileReference; lastKnownFileType = audio.mp3; path = "griby-taet led.mp3"; sourceTree = "<group>"; };
		AC4F627F28311EB700EB6B62 /* RegistrationViewController.swift */ = {isa = PBXFileReference; lastKnownFileType = sourcecode.swift; path = RegistrationViewController.swift; sourceTree = "<group>"; };
		AC801981283589A100135395 /* Friends.swift */ = {isa = PBXFileReference; lastKnownFileType = sourcecode.swift; path = Friends.swift; sourceTree = "<group>"; };
		AC801983283589B400135395 /* Groups.swift */ = {isa = PBXFileReference; lastKnownFileType = sourcecode.swift; path = Groups.swift; sourceTree = "<group>"; };
		AC80198628358C1200135395 /* CustomTableViewCell.swift */ = {isa = PBXFileReference; lastKnownFileType = sourcecode.swift; path = CustomTableViewCell.swift; sourceTree = "<group>"; };
		AC80198728358C1200135395 /* CustomTableViewCell.xib */ = {isa = PBXFileReference; lastKnownFileType = file.xib; path = CustomTableViewCell.xib; sourceTree = "<group>"; };
		AC80198B2835922400135395 /* FriendsViewController.swift */ = {isa = PBXFileReference; lastKnownFileType = sourcecode.swift; path = FriendsViewController.swift; sourceTree = "<group>"; };
		AC80198D283592C800135395 /* GroupsViewController.swift */ = {isa = PBXFileReference; lastKnownFileType = sourcecode.swift; path = GroupsViewController.swift; sourceTree = "<group>"; };
		AC95C83C286B6BF1008AB8FE /* UIViewForShadow.swift */ = {isa = PBXFileReference; lastKnownFileType = sourcecode.swift; path = UIViewForShadow.swift; sourceTree = "<group>"; };
		AC9768D6286CC63E009DF5BA /* FullSizePhotoViewController.swift */ = {isa = PBXFileReference; lastKnownFileType = sourcecode.swift; path = FullSizePhotoViewController.swift; sourceTree = "<group>"; };
		ACA4CD552870F33000A1590E /* NewsViewController.swift */ = {isa = PBXFileReference; lastKnownFileType = sourcecode.swift; path = NewsViewController.swift; sourceTree = "<group>"; };
		ACA4CD572870F4BC00A1590E /* NewsTableViewCell.swift */ = {isa = PBXFileReference; lastKnownFileType = sourcecode.swift; path = NewsTableViewCell.swift; sourceTree = "<group>"; };
		ACA4CD582870F4BC00A1590E /* NewsTableViewCell.xib */ = {isa = PBXFileReference; lastKnownFileType = file.xib; path = NewsTableViewCell.xib; sourceTree = "<group>"; };
		ACA4CD5B2871AD9500A1590E /* News.swift */ = {isa = PBXFileReference; lastKnownFileType = sourcecode.swift; path = News.swift; sourceTree = "<group>"; };
		ACA4CD5D2871CC8D00A1590E /* NewsViewController+FillData.swift */ = {isa = PBXFileReference; lastKnownFileType = sourcecode.swift; path = "NewsViewController+FillData.swift"; sourceTree = "<group>"; };
		ACAE162C2832F9E900293729 /* Extensions.swift */ = {isa = PBXFileReference; lastKnownFileType = sourcecode.swift; path = Extensions.swift; sourceTree = "<group>"; };
		ACC5E576286B7D73001754F3 /* LikeControll.swift */ = {isa = PBXFileReference; lastKnownFileType = sourcecode.swift; path = LikeControll.swift; sourceTree = "<group>"; };
/* End PBXFileReference section */

/* Begin PBXFrameworksBuildPhase section */
		84684ED92826A54800ADE6AD /* Frameworks */ = {
			isa = PBXFrameworksBuildPhase;
			buildActionMask = 2147483647;
			files = (
			);
			runOnlyForDeploymentPostprocessing = 0;
		};
/* End PBXFrameworksBuildPhase section */

/* Begin PBXGroup section */
		84684ED32826A54800ADE6AD = {
			isa = PBXGroup;
			children = (
				84684EDE2826A54800ADE6AD /* GeekBrains_Cource_Two */,
				84684EDD2826A54800ADE6AD /* Products */,
			);
			sourceTree = "<group>";
		};
		84684EDD2826A54800ADE6AD /* Products */ = {
			isa = PBXGroup;
			children = (
				84684EDC2826A54800ADE6AD /* GeekBrains_Cource_Two.app */,
			);
			name = Products;
			sourceTree = "<group>";
		};
		84684EDE2826A54800ADE6AD /* GeekBrains_Cource_Two */ = {
			isa = PBXGroup;
			children = (
				AC80198A2835920700135395 /* Controllers */,
				ACA4CD542870F2C300A1590E /* NewsViewController */,
				AC80198528358BDC00135395 /* cells */,
				AC8019802835894F00135395 /* Model */,
				ACAE162B2832F9AC00293729 /* Extensions */,
				84684EE52826A54800ADE6AD /* Main.storyboard */,
				AC32D7B228777AA4001AF840 /* griby-taet led.mp3 */,
				84684EDF2826A54800ADE6AD /* AppDelegate.swift */,
				84684EE12826A54800ADE6AD /* SceneDelegate.swift */,
				84684EE82826A54F00ADE6AD /* Assets.xcassets */,
				84684EEA2826A54F00ADE6AD /* LaunchScreen.storyboard */,
				84684EED2826A54F00ADE6AD /* Info.plist */,
			);
			path = GeekBrains_Cource_Two;
			sourceTree = "<group>";
		};
		AC18DA74286E26A2006EDD75 /* FriendsViewController */ = {
			isa = PBXGroup;
			children = (
				AC80198B2835922400135395 /* FriendsViewController.swift */,
				AC18DA72286E24AC006EDD75 /* FriendsViewController+FillData.swift */,
				AC18DA7A286E2F08006EDD75 /* FriendsViewController+Delegate.swift */,
				AC18DA70286E2217006EDD75 /* FriendsViewControllerDataSource.swift */,
			);
			path = FriendsViewController;
			sourceTree = "<group>";
		};
		AC18DA7C286E2F5D006EDD75 /* GalleryViewController */ = {
			isa = PBXGroup;
			children = (
				AC15829D284692DE00D662B0 /* GalleryViewController.swift */,
				AC18DA76286E2943006EDD75 /* GalleryViewController+Delegate.swift */,
				AC18DA78286E2950006EDD75 /* GalleryViewController+DataSource.swift */,
			);
			path = GalleryViewController;
			sourceTree = "<group>";
		};
		AC18DA81286E2FB9006EDD75 /* GroupsViewController */ = {
			isa = PBXGroup;
			children = (
				AC80198D283592C800135395 /* GroupsViewController.swift */,
				AC18DA82286E3057006EDD75 /* GroupsViewController+FillData.swift */,
				AC18DA7D286E2F88006EDD75 /* GroupsViewController+Delegate.swift */,
				AC18DA7F286E2F97006EDD75 /* GroupsViewController+DataSource.swift */,
			);
			path = GroupsViewController;
			sourceTree = "<group>";
		};
		AC8019802835894F00135395 /* Model */ = {
			isa = PBXGroup;
			children = (
				AC801981283589A100135395 /* Friends.swift */,
				AC801983283589B400135395 /* Groups.swift */,
				ACA4CD5B2871AD9500A1590E /* News.swift */,
			);
			path = Model;
			sourceTree = "<group>";
		};
		AC80198528358BDC00135395 /* cells */ = {
			isa = PBXGroup;
			children = (
				ACA4CD572870F4BC00A1590E /* NewsTableViewCell.swift */,
				ACA4CD582870F4BC00A1590E /* NewsTableViewCell.xib */,
				AC80198628358C1200135395 /* CustomTableViewCell.swift */,
				AC80198728358C1200135395 /* CustomTableViewCell.xib */,
				AC95C83C286B6BF1008AB8FE /* UIViewForShadow.swift */,
				AC158299284691A700D662B0 /* GalleryCollectionCell.swift */,
				AC15829A284691A700D662B0 /* GalleryCollectionCell.xib */,
				ACC5E576286B7D73001754F3 /* LikeControll.swift */,
			);
			path = cells;
			sourceTree = "<group>";
		};
		AC80198A2835920700135395 /* Controllers */ = {
			isa = PBXGroup;
			children = (
				84684EE32826A54800ADE6AD /* LoginViewController.swift */,
				AC4F627F28311EB700EB6B62 /* RegistrationViewController.swift */,
				AC18DA74286E26A2006EDD75 /* FriendsViewController */,
				AC18DA7C286E2F5D006EDD75 /* GalleryViewController */,
				AC18DA81286E2FB9006EDD75 /* GroupsViewController */,
				AC9768D6286CC63E009DF5BA /* FullSizePhotoViewController.swift */,
				AC15829F2847B49200D662B0 /* MyGroupsViewController.swift */,
			);
			path = Controllers;
			sourceTree = "<group>";
		};
		ACA4CD542870F2C300A1590E /* NewsViewController */ = {
			isa = PBXGroup;
			children = (
				ACA4CD552870F33000A1590E /* NewsViewController.swift */,
				ACA4CD5D2871CC8D00A1590E /* NewsViewController+FillData.swift */,
			);
			path = NewsViewController;
			sourceTree = "<group>";
		};
		ACAE162B2832F9AC00293729 /* Extensions */ = {
			isa = PBXGroup;
			children = (
				ACAE162C2832F9E900293729 /* Extensions.swift */,
			);
			path = Extensions;
			sourceTree = "<group>";
		};
/* End PBXGroup section */

/* Begin PBXNativeTarget section */
		84684EDB2826A54800ADE6AD /* GeekBrains_Cource_Two */ = {
			isa = PBXNativeTarget;
			buildConfigurationList = 84684EF02826A54F00ADE6AD /* Build configuration list for PBXNativeTarget "GeekBrains_Cource_Two" */;
			buildPhases = (
				84684ED82826A54800ADE6AD /* Sources */,
				84684ED92826A54800ADE6AD /* Frameworks */,
				84684EDA2826A54800ADE6AD /* Resources */,
			);
			buildRules = (
			);
			dependencies = (
			);
			name = GeekBrains_Cource_Two;
			productName = GeekBrains_Cource_Two;
			productReference = 84684EDC2826A54800ADE6AD /* GeekBrains_Cource_Two.app */;
			productType = "com.apple.product-type.application";
		};
/* End PBXNativeTarget section */

/* Begin PBXProject section */
		84684ED42826A54800ADE6AD /* Project object */ = {
			isa = PBXProject;
			attributes = {
				BuildIndependentTargetsInParallel = 1;
				LastSwiftUpdateCheck = 1320;
				LastUpgradeCheck = 1320;
				TargetAttributes = {
					84684EDB2826A54800ADE6AD = {
						CreatedOnToolsVersion = 13.2.1;
					};
				};
			};
			buildConfigurationList = 84684ED72826A54800ADE6AD /* Build configuration list for PBXProject "GeekBrains_Cource_Two" */;
			compatibilityVersion = "Xcode 13.0";
			developmentRegion = en;
			hasScannedForEncodings = 0;
			knownRegions = (
				en,
				Base,
			);
			mainGroup = 84684ED32826A54800ADE6AD;
			productRefGroup = 84684EDD2826A54800ADE6AD /* Products */;
			projectDirPath = "";
			projectRoot = "";
			targets = (
				84684EDB2826A54800ADE6AD /* GeekBrains_Cource_Two */,
			);
		};
/* End PBXProject section */

/* Begin PBXResourcesBuildPhase section */
		84684EDA2826A54800ADE6AD /* Resources */ = {
			isa = PBXResourcesBuildPhase;
			buildActionMask = 2147483647;
			files = (
				84684EEC2826A54F00ADE6AD /* LaunchScreen.storyboard in Resources */,
				84684EE92826A54F00ADE6AD /* Assets.xcassets in Resources */,
				AC80198928358C1200135395 /* CustomTableViewCell.xib in Resources */,
				84684EE72826A54800ADE6AD /* Main.storyboard in Resources */,
				AC32D7B328777AA4001AF840 /* griby-taet led.mp3 in Resources */,
				ACA4CD5A2870F4BC00A1590E /* NewsTableViewCell.xib in Resources */,
				AC15829C284691A700D662B0 /* GalleryCollectionCell.xib in Resources */,
			);
			runOnlyForDeploymentPostprocessing = 0;
		};
/* End PBXResourcesBuildPhase section */

/* Begin PBXSourcesBuildPhase section */
		84684ED82826A54800ADE6AD /* Sources */ = {
			isa = PBXSourcesBuildPhase;
			buildActionMask = 2147483647;
			files = (
				AC18DA73286E24AC006EDD75 /* FriendsViewController+FillData.swift in Sources */,
				ACAE162D2832F9EA00293729 /* Extensions.swift in Sources */,
				AC801982283589A100135395 /* Friends.swift in Sources */,
				ACA4CD562870F33000A1590E /* NewsViewController.swift in Sources */,
				ACA4CD5E2871CC8E00A1590E /* NewsViewController+FillData.swift in Sources */,
				ACA4CD592870F4BC00A1590E /* NewsTableViewCell.swift in Sources */,
				AC15829B284691A700D662B0 /* GalleryCollectionCell.swift in Sources */,
				AC80198828358C1200135395 /* CustomTableViewCell.swift in Sources */,
				84684EE42826A54800ADE6AD /* LoginViewController.swift in Sources */,
				AC18DA79286E2950006EDD75 /* GalleryViewController+DataSource.swift in Sources */,
				ACC5E577286B7D73001754F3 /* LikeControll.swift in Sources */,
				AC15829E284692DE00D662B0 /* GalleryViewController.swift in Sources */,
				AC18DA83286E3057006EDD75 /* GroupsViewController+FillData.swift in Sources */,
				AC80198E283592C800135395 /* GroupsViewController.swift in Sources */,
				AC80198C2835922400135395 /* FriendsViewController.swift in Sources */,
				AC18DA7B286E2F08006EDD75 /* FriendsViewController+Delegate.swift in Sources */,
				AC9768D7286CC63F009DF5BA /* FullSizePhotoViewController.swift in Sources */,
				AC95C83D286B6BF2008AB8FE /* UIViewForShadow.swift in Sources */,
				84684EE02826A54800ADE6AD /* AppDelegate.swift in Sources */,
				AC4F628028311EB700EB6B62 /* RegistrationViewController.swift in Sources */,
				84684EE22826A54800ADE6AD /* SceneDelegate.swift in Sources */,
				AC1582A02847B49200D662B0 /* MyGroupsViewController.swift in Sources */,
				ACA4CD5C2871AD9600A1590E /* News.swift in Sources */,
				AC18DA77286E2943006EDD75 /* GalleryViewController+Delegate.swift in Sources */,
				AC18DA7E286E2F89006EDD75 /* GroupsViewController+Delegate.swift in Sources */,
				AC801984283589B400135395 /* Groups.swift in Sources */,
				AC18DA71286E2217006EDD75 /* FriendsViewControllerDataSource.swift in Sources */,
				AC18DA80286E2F97006EDD75 /* GroupsViewController+DataSource.swift in Sources */,
			);
			runOnlyForDeploymentPostprocessing = 0;
		};
/* End PBXSourcesBuildPhase section */

/* Begin PBXVariantGroup section */
		84684EE52826A54800ADE6AD /* Main.storyboard */ = {
			isa = PBXVariantGroup;
			children = (
				84684EE62826A54800ADE6AD /* Base */,
			);
			name = Main.storyboard;
			sourceTree = "<group>";
		};
		84684EEA2826A54F00ADE6AD /* LaunchScreen.storyboard */ = {
			isa = PBXVariantGroup;
			children = (
				84684EEB2826A54F00ADE6AD /* Base */,
			);
			name = LaunchScreen.storyboard;
			sourceTree = "<group>";
		};
/* End PBXVariantGroup section */

/* Begin XCBuildConfiguration section */
		84684EEE2826A54F00ADE6AD /* Debug */ = {
			isa = XCBuildConfiguration;
			buildSettings = {
				ALWAYS_SEARCH_USER_PATHS = NO;
				CLANG_ANALYZER_NONNULL = YES;
				CLANG_ANALYZER_NUMBER_OBJECT_CONVERSION = YES_AGGRESSIVE;
				CLANG_CXX_LANGUAGE_STANDARD = "gnu++17";
				CLANG_CXX_LIBRARY = "libc++";
				CLANG_ENABLE_MODULES = YES;
				CLANG_ENABLE_OBJC_ARC = YES;
				CLANG_ENABLE_OBJC_WEAK = YES;
				CLANG_WARN_BLOCK_CAPTURE_AUTORELEASING = YES;
				CLANG_WARN_BOOL_CONVERSION = YES;
				CLANG_WARN_COMMA = YES;
				CLANG_WARN_CONSTANT_CONVERSION = YES;
				CLANG_WARN_DEPRECATED_OBJC_IMPLEMENTATIONS = YES;
				CLANG_WARN_DIRECT_OBJC_ISA_USAGE = YES_ERROR;
				CLANG_WARN_DOCUMENTATION_COMMENTS = YES;
				CLANG_WARN_EMPTY_BODY = YES;
				CLANG_WARN_ENUM_CONVERSION = YES;
				CLANG_WARN_INFINITE_RECURSION = YES;
				CLANG_WARN_INT_CONVERSION = YES;
				CLANG_WARN_NON_LITERAL_NULL_CONVERSION = YES;
				CLANG_WARN_OBJC_IMPLICIT_RETAIN_SELF = YES;
				CLANG_WARN_OBJC_LITERAL_CONVERSION = YES;
				CLANG_WARN_OBJC_ROOT_CLASS = YES_ERROR;
				CLANG_WARN_QUOTED_INCLUDE_IN_FRAMEWORK_HEADER = YES;
				CLANG_WARN_RANGE_LOOP_ANALYSIS = YES;
				CLANG_WARN_STRICT_PROTOTYPES = YES;
				CLANG_WARN_SUSPICIOUS_MOVE = YES;
				CLANG_WARN_UNGUARDED_AVAILABILITY = YES_AGGRESSIVE;
				CLANG_WARN_UNREACHABLE_CODE = YES;
				CLANG_WARN__DUPLICATE_METHOD_MATCH = YES;
				COPY_PHASE_STRIP = NO;
				DEBUG_INFORMATION_FORMAT = dwarf;
				ENABLE_STRICT_OBJC_MSGSEND = YES;
				ENABLE_TESTABILITY = YES;
				GCC_C_LANGUAGE_STANDARD = gnu11;
				GCC_DYNAMIC_NO_PIC = NO;
				GCC_NO_COMMON_BLOCKS = YES;
				GCC_OPTIMIZATION_LEVEL = 0;
				GCC_PREPROCESSOR_DEFINITIONS = (
					"DEBUG=1",
					"$(inherited)",
				);
				GCC_WARN_64_TO_32_BIT_CONVERSION = YES;
				GCC_WARN_ABOUT_RETURN_TYPE = YES_ERROR;
				GCC_WARN_UNDECLARED_SELECTOR = YES;
				GCC_WARN_UNINITIALIZED_AUTOS = YES_AGGRESSIVE;
				GCC_WARN_UNUSED_FUNCTION = YES;
				GCC_WARN_UNUSED_VARIABLE = YES;
				IPHONEOS_DEPLOYMENT_TARGET = 15.2;
				MTL_ENABLE_DEBUG_INFO = INCLUDE_SOURCE;
				MTL_FAST_MATH = YES;
				ONLY_ACTIVE_ARCH = YES;
				SDKROOT = iphoneos;
				SWIFT_ACTIVE_COMPILATION_CONDITIONS = DEBUG;
				SWIFT_OPTIMIZATION_LEVEL = "-Onone";
			};
			name = Debug;
		};
		84684EEF2826A54F00ADE6AD /* Release */ = {
			isa = XCBuildConfiguration;
			buildSettings = {
				ALWAYS_SEARCH_USER_PATHS = NO;
				CLANG_ANALYZER_NONNULL = YES;
				CLANG_ANALYZER_NUMBER_OBJECT_CONVERSION = YES_AGGRESSIVE;
				CLANG_CXX_LANGUAGE_STANDARD = "gnu++17";
				CLANG_CXX_LIBRARY = "libc++";
				CLANG_ENABLE_MODULES = YES;
				CLANG_ENABLE_OBJC_ARC = YES;
				CLANG_ENABLE_OBJC_WEAK = YES;
				CLANG_WARN_BLOCK_CAPTURE_AUTORELEASING = YES;
				CLANG_WARN_BOOL_CONVERSION = YES;
				CLANG_WARN_COMMA = YES;
				CLANG_WARN_CONSTANT_CONVERSION = YES;
				CLANG_WARN_DEPRECATED_OBJC_IMPLEMENTATIONS = YES;
				CLANG_WARN_DIRECT_OBJC_ISA_USAGE = YES_ERROR;
				CLANG_WARN_DOCUMENTATION_COMMENTS = YES;
				CLANG_WARN_EMPTY_BODY = YES;
				CLANG_WARN_ENUM_CONVERSION = YES;
				CLANG_WARN_INFINITE_RECURSION = YES;
				CLANG_WARN_INT_CONVERSION = YES;
				CLANG_WARN_NON_LITERAL_NULL_CONVERSION = YES;
				CLANG_WARN_OBJC_IMPLICIT_RETAIN_SELF = YES;
				CLANG_WARN_OBJC_LITERAL_CONVERSION = YES;
				CLANG_WARN_OBJC_ROOT_CLASS = YES_ERROR;
				CLANG_WARN_QUOTED_INCLUDE_IN_FRAMEWORK_HEADER = YES;
				CLANG_WARN_RANGE_LOOP_ANALYSIS = YES;
				CLANG_WARN_STRICT_PROTOTYPES = YES;
				CLANG_WARN_SUSPICIOUS_MOVE = YES;
				CLANG_WARN_UNGUARDED_AVAILABILITY = YES_AGGRESSIVE;
				CLANG_WARN_UNREACHABLE_CODE = YES;
				CLANG_WARN__DUPLICATE_METHOD_MATCH = YES;
				COPY_PHASE_STRIP = NO;
				DEBUG_INFORMATION_FORMAT = "dwarf-with-dsym";
				ENABLE_NS_ASSERTIONS = NO;
				ENABLE_STRICT_OBJC_MSGSEND = YES;
				GCC_C_LANGUAGE_STANDARD = gnu11;
				GCC_NO_COMMON_BLOCKS = YES;
				GCC_WARN_64_TO_32_BIT_CONVERSION = YES;
				GCC_WARN_ABOUT_RETURN_TYPE = YES_ERROR;
				GCC_WARN_UNDECLARED_SELECTOR = YES;
				GCC_WARN_UNINITIALIZED_AUTOS = YES_AGGRESSIVE;
				GCC_WARN_UNUSED_FUNCTION = YES;
				GCC_WARN_UNUSED_VARIABLE = YES;
				IPHONEOS_DEPLOYMENT_TARGET = 15.2;
				MTL_ENABLE_DEBUG_INFO = NO;
				MTL_FAST_MATH = YES;
				SDKROOT = iphoneos;
				SWIFT_COMPILATION_MODE = wholemodule;
				SWIFT_OPTIMIZATION_LEVEL = "-O";
				VALIDATE_PRODUCT = YES;
			};
			name = Release;
		};
		84684EF12826A54F00ADE6AD /* Debug */ = {
			isa = XCBuildConfiguration;
			buildSettings = {
				ASSETCATALOG_COMPILER_APPICON_NAME = AppIcon;
				ASSETCATALOG_COMPILER_GLOBAL_ACCENT_COLOR_NAME = AccentColor;
				CODE_SIGN_STYLE = Automatic;
				CURRENT_PROJECT_VERSION = 1;
				DEVELOPMENT_TEAM = 443TPCF6DW;
				GENERATE_INFOPLIST_FILE = YES;
				INFOPLIST_FILE = GeekBrains_Cource_Two/Info.plist;
				INFOPLIST_KEY_CFBundleDisplayName = VK;
				INFOPLIST_KEY_UIApplicationSupportsIndirectInputEvents = YES;
				INFOPLIST_KEY_UILaunchStoryboardName = LaunchScreen;
				INFOPLIST_KEY_UIMainStoryboardFile = Main;
				INFOPLIST_KEY_UISupportedInterfaceOrientations_iPad = "UIInterfaceOrientationPortrait UIInterfaceOrientationPortraitUpsideDown UIInterfaceOrientationLandscapeLeft UIInterfaceOrientationLandscapeRight";
				INFOPLIST_KEY_UISupportedInterfaceOrientations_iPhone = "UIInterfaceOrientationPortrait UIInterfaceOrientationLandscapeLeft UIInterfaceOrientationLandscapeRight";
				IPHONEOS_DEPLOYMENT_TARGET = 15.2;
				LD_RUNPATH_SEARCH_PATHS = (
					"$(inherited)",
					"@executable_path/Frameworks",
				);
				MARKETING_VERSION = 1.0;
				PRODUCT_BUNDLE_IDENTIFIER = "Samborsky.GeekBrains-Cource-Two";
				PRODUCT_NAME = "$(TARGET_NAME)";
				SWIFT_EMIT_LOC_STRINGS = YES;
				SWIFT_VERSION = 5.0;
				TARGETED_DEVICE_FAMILY = "1,2";
			};
			name = Debug;
		};
		84684EF22826A54F00ADE6AD /* Release */ = {
			isa = XCBuildConfiguration;
			buildSettings = {
				ASSETCATALOG_COMPILER_APPICON_NAME = AppIcon;
				ASSETCATALOG_COMPILER_GLOBAL_ACCENT_COLOR_NAME = AccentColor;
				CODE_SIGN_STYLE = Automatic;
				CURRENT_PROJECT_VERSION = 1;
				DEVELOPMENT_TEAM = 443TPCF6DW;
				GENERATE_INFOPLIST_FILE = YES;
				INFOPLIST_FILE = GeekBrains_Cource_Two/Info.plist;
				INFOPLIST_KEY_CFBundleDisplayName = VK;
				INFOPLIST_KEY_UIApplicationSupportsIndirectInputEvents = YES;
				INFOPLIST_KEY_UILaunchStoryboardName = LaunchScreen;
				INFOPLIST_KEY_UIMainStoryboardFile = Main;
				INFOPLIST_KEY_UISupportedInterfaceOrientations_iPad = "UIInterfaceOrientationPortrait UIInterfaceOrientationPortraitUpsideDown UIInterfaceOrientationLandscapeLeft UIInterfaceOrientationLandscapeRight";
				INFOPLIST_KEY_UISupportedInterfaceOrientations_iPhone = "UIInterfaceOrientationPortrait UIInterfaceOrientationLandscapeLeft UIInterfaceOrientationLandscapeRight";
				IPHONEOS_DEPLOYMENT_TARGET = 15.2;
				LD_RUNPATH_SEARCH_PATHS = (
					"$(inherited)",
					"@executable_path/Frameworks",
				);
				MARKETING_VERSION = 1.0;
				PRODUCT_BUNDLE_IDENTIFIER = "Samborsky.GeekBrains-Cource-Two";
				PRODUCT_NAME = "$(TARGET_NAME)";
				SWIFT_EMIT_LOC_STRINGS = YES;
				SWIFT_VERSION = 5.0;
				TARGETED_DEVICE_FAMILY = "1,2";
			};
			name = Release;
		};
/* End XCBuildConfiguration section */

/* Begin XCConfigurationList section */
		84684ED72826A54800ADE6AD /* Build configuration list for PBXProject "GeekBrains_Cource_Two" */ = {
			isa = XCConfigurationList;
			buildConfigurations = (
				84684EEE2826A54F00ADE6AD /* Debug */,
				84684EEF2826A54F00ADE6AD /* Release */,
			);
			defaultConfigurationIsVisible = 0;
			defaultConfigurationName = Release;
		};
		84684EF02826A54F00ADE6AD /* Build configuration list for PBXNativeTarget "GeekBrains_Cource_Two" */ = {
			isa = XCConfigurationList;
			buildConfigurations = (
				84684EF12826A54F00ADE6AD /* Debug */,
				84684EF22826A54F00ADE6AD /* Release */,
			);
			defaultConfigurationIsVisible = 0;
			defaultConfigurationName = Release;
		};
/* End XCConfigurationList section */
	};
	rootObject = 84684ED42826A54800ADE6AD /* Project object */;
}
